
Microsoft Visual Studio Solution File, Format Version 12.00
# Visual Studio Version 17
VisualStudioVersion = 17.2.32526.322
MinimumVisualStudioVersion = 10.0.40219.1
Project("{FAE04EC0-301F-11D3-BF4B-00C04F79EFBC}") = "ExaRDD.Android", "ExaRDD.Android\ExaRDD.Android.csproj", "{3F1673E7-70C4-4D2A-B21D-C9A273D05A8F}"
EndProject
Project("{FAE04EC0-301F-11D3-BF4B-00C04F79EFBC}") = "ExaRDD", "ExaRDD\ExaRDD.csproj", "{3F27CDE7-C799-47D5-8C3B-8A59E89FD8DF}"
EndProject
Global
	GlobalSection(SolutionConfigurationPlatforms) = preSolution
		Debug|Any CPU = Debug|Any CPU
		Release|Any CPU = Release|Any CPU
	EndGlobalSection
	GlobalSection(ProjectConfigurationPlatforms) = postSolution
		{3F1673E7-70C4-4D2A-B21D-C9A273D05A8F}.Debug|Any CPU.ActiveCfg = Debug|Any CPU
		{3F1673E7-70C4-4D2A-B21D-C9A273D05A8F}.Debug|Any CPU.Build.0 = Debug|Any CPU
		{3F1673E7-70C4-4D2A-B21D-C9A273D05A8F}.Debug|Any CPU.Deploy.0 = Debug|Any CPU
		{3F1673E7-70C4-4D2A-B21D-C9A273D05A8F}.Release|Any CPU.ActiveCfg = Release|Any CPU
		{3F1673E7-70C4-4D2A-B21D-C9A273D05A8F}.Release|Any CPU.Build.0 = Release|Any CPU
		{3F1673E7-70C4-4D2A-B21D-C9A273D05A8F}.Release|Any CPU.Deploy.0 = Release|Any CPU
		{3F27CDE7-C799-47D5-8C3B-8A59E89FD8DF}.Debug|Any CPU.ActiveCfg = Debug|Any CPU
		{3F27CDE7-C799-47D5-8C3B-8A59E89FD8DF}.Debug|Any CPU.Build.0 = Debug|Any CPU
		{3F27CDE7-C799-47D5-8C3B-8A59E89FD8DF}.Debug|Any CPU.Deploy.0 = Debug|Any CPU
		{3F27CDE7-C799-47D5-8C3B-8A59E89FD8DF}.Release|Any CPU.ActiveCfg = Release|Any CPU
		{3F27CDE7-C799-47D5-8C3B-8A59E89FD8DF}.Release|Any CPU.Build.0 = Release|Any CPU
		{3F27CDE7-C799-47D5-8C3B-8A59E89FD8DF}.Release|Any CPU.Deploy.0 = Release|Any CPU
	EndGlobalSection
	GlobalSection(SolutionProperties) = preSolution
		HideSolutionNode = FALSE
	EndGlobalSection
	GlobalSection(ExtensibilityGlobals) = postSolution
		SolutionGuid = {ECE55D3C-2756-4091-9489-2EA0DDB6A2F6}
	EndGlobalSection
EndGlobal
